
Microsoft Visual Studio Solution File, Format Version 12.00
# Visual Studio Version 17
VisualStudioVersion = 17.14.36119.2 d17.14
MinimumVisualStudioVersion = 10.0.40219.1
Project("{FAE04EC0-301F-11D3-BF4B-00C04F79EFBC}") = "JbMalyser", "JbMalyser\JbMalyser.csproj", "{0C270B53-EAE0-4C4B-991C-E48141A0D7B1}"
EndProject
Global
	GlobalSection(SolutionConfigurationPlatforms) = preSolution
		Debug|Any CPU = Debug|Any CPU
		Release|Any CPU = Release|Any CPU
	EndGlobalSection
	GlobalSection(ProjectConfigurationPlatforms) = postSolution
		{0C270B53-EAE0-4C4B-991C-E48141A0D7B1}.Debug|Any CPU.ActiveCfg = Debug|Any CPU
		{0C270B53-EAE0-4C4B-991C-E48141A0D7B1}.Debug|Any CPU.Build.0 = Debug|Any CPU
		{0C270B53-EAE0-4C4B-991C-E48141A0D7B1}.Release|Any CPU.ActiveCfg = Release|Any CPU
		{0C270B53-EAE0-4C4B-991C-E48141A0D7B1}.Release|Any CPU.Build.0 = Release|Any CPU
	EndGlobalSection
	GlobalSection(SolutionProperties) = preSolution
		HideSolutionNode = FALSE
	EndGlobalSection
	GlobalSection(ExtensibilityGlobals) = postSolution
		SolutionGuid = {B88A1B79-0319-46AF-8F24-CF6E93370869}
	EndGlobalSection
EndGlobal
